{
  "name": "airline",
  "lockfileVersion": 3,
  "requires": true,
  "packages": {
    "": {
      "dependencies": {
        "aws-amplify-vue": "^2.1.9"
      }
    },
    "node_modules/aws-amplify-vue": {
      "version": "2.1.9",
      "resolved": "https://registry.npmjs.org/aws-amplify-vue/-/aws-amplify-vue-2.1.9.tgz",
      "integrity": "sha512-TyizMyr2E8pznigkKwkgzf2pq8a0N82fMQNcrczZndxheR2TSeYvu0Rj3ENPdcmYAaf2dx8YGbPWF4Y2No3X0w==",
      "deprecated": "The 'aws-amplify-vue' package has been deprecated. Please visit https://ui.docs.amplify.aws/ for the current version of Amplify UI.",
      "dependencies": {
        "lodash.orderby": "^4.6.0",
        "qrcode.vue": "^1.6.0",
        "vue": "2.6.11",
        "vue2-filters": "^0.7.2"
      }
    },
    "node_modules/lodash.orderby": {
      "version": "4.6.0",
      "resolved": "https://registry.npmjs.org/lodash.orderby/-/lodash.orderby-4.6.0.tgz",
      "integrity": "sha512-T0rZxKmghOOf5YPnn8EY5iLYeWCpZq8G41FfqoVHH5QDTAFaghJRmAdLiadEDq+ztgM2q5PjA+Z1fOwGrLgmtg=="
    },
    "node_modules/qrcode.vue": {
      "version": "1.7.0",
      "resolved": "https://registry.npmjs.org/qrcode.vue/-/qrcode.vue-1.7.0.tgz",
      "integrity": "sha512-R7t6Y3fDDtcU7L4rtqwGUDP9xD64gJhIwpfjhRCTKmBoYF6SS49PIJHRJ048cse6OI7iwTwgyy2C46N9Ygoc6g==",
      "peerDependencies": {
        "vue": "^2.0.0"
      }
    },
    "node_modules/vue": {
      "version": "2.6.11",
      "resolved": "https://registry.npmjs.org/vue/-/vue-2.6.11.tgz",
      "integrity": "sha512-VfPwgcGABbGAue9+sfrD4PuwFar7gPb1yl1UK1MwXoQPAw0BKSqWfoYCT/ThFrdEVWoI51dBuyCoiNU9bZDZxQ==",
      "deprecated": "Vue 2 has reached EOL and is no longer actively maintained. See https://v2.vuejs.org/eol/ for more details."
    },
    "node_modules/vue2-filters": {
      "version": "0.7.2",
      "resolved": "https://registry.npmjs.org/vue2-filters/-/vue2-filters-0.7.2.tgz",
      "integrity": "sha512-7I74isiBUQFGaNbVv57NzHGqh54cLe0JNJmJmu66wxP5eOK/CqHN4iqHMgwPPPvPbgbFbpI/GjbHiIx8tNruwg=="
    }
  }
}
